
Microsoft Visual Studio Solution File, Format Version 12.00
# Visual Studio 15
VisualStudioVersion = 15.0.27703.2026
MinimumVisualStudioVersion = 10.0.40219.1
Project("{FAE04EC0-301F-11D3-BF4B-00C04F79EFBC}") = "MvcPelicula", "MvcPelicula\MvcPelicula.csproj", "{F020C5A7-7756-45AA-BE8E-24BE1369B481}"
EndProject
Global
	GlobalSection(SolutionConfigurationPlatforms) = preSolution
		Debug|Any CPU = Debug|Any CPU
		Release|Any CPU = Release|Any CPU
	EndGlobalSection
	GlobalSection(ProjectConfigurationPlatforms) = postSolution
		{F020C5A7-7756-45AA-BE8E-24BE1369B481}.Debug|Any CPU.ActiveCfg = Debug|Any CPU
		{F020C5A7-7756-45AA-BE8E-24BE1369B481}.Debug|Any CPU.Build.0 = Debug|Any CPU
		{F020C5A7-7756-45AA-BE8E-24BE1369B481}.Release|Any CPU.ActiveCfg = Release|Any CPU
		{F020C5A7-7756-45AA-BE8E-24BE1369B481}.Release|Any CPU.Build.0 = Release|Any CPU
	EndGlobalSection
	GlobalSection(SolutionProperties) = preSolution
		HideSolutionNode = FALSE
	EndGlobalSection
	GlobalSection(ExtensibilityGlobals) = postSolution
		SolutionGuid = {453E77A0-8E94-4EFB-9921-4D0867F69619}
	EndGlobalSection
EndGlobal
